
Microsoft Visual Studio Solution File, Format Version 12.00
# Visual Studio 15
VisualStudioVersion = 15.0.27428.2015
MinimumVisualStudioVersion = 10.0.40219.1
Project("{FAE04EC0-301F-11D3-BF4B-00C04F79EFBC}") = "Binary", "Serialization\Binary.csproj", "{6A6FC9E2-E57B-44A2-BBED-34DF9666DD7F}"
EndProject
Project("{FAE04EC0-301F-11D3-BF4B-00C04F79EFBC}") = "SOAPFormat", "SOAPFormat\SOAPFormat.csproj", "{54BC3FD3-C330-4C7D-93C1-B88A2083D6D9}"
EndProject
Project("{FAE04EC0-301F-11D3-BF4B-00C04F79EFBC}") = "XMLSerializer", "XMLSerializer\XMLSerializer.csproj", "{7307569F-13B3-4FCE-B6B7-5445464D6C16}"
EndProject
Project("{FAE04EC0-301F-11D3-BF4B-00C04F79EFBC}") = "JsonSerializer", "JsonSerializer\JsonSerializer.csproj", "{99564729-529D-4EF2-9438-22F1B0240160}"
EndProject
Project("{FAE04EC0-301F-11D3-BF4B-00C04F79EFBC}") = "Attribute", "Attribute\Attribute.csproj", "{4C009226-2605-4B63-9305-24909E45377E}"
EndProject
Global
	GlobalSection(SolutionConfigurationPlatforms) = preSolution
		Debug|Any CPU = Debug|Any CPU
		Release|Any CPU = Release|Any CPU
	EndGlobalSection
	GlobalSection(ProjectConfigurationPlatforms) = postSolution
		{6A6FC9E2-E57B-44A2-BBED-34DF9666DD7F}.Debug|Any CPU.ActiveCfg = Debug|Any CPU
		{6A6FC9E2-E57B-44A2-BBED-34DF9666DD7F}.Debug|Any CPU.Build.0 = Debug|Any CPU
		{6A6FC9E2-E57B-44A2-BBED-34DF9666DD7F}.Release|Any CPU.ActiveCfg = Release|Any CPU
		{6A6FC9E2-E57B-44A2-BBED-34DF9666DD7F}.Release|Any CPU.Build.0 = Release|Any CPU
		{54BC3FD3-C330-4C7D-93C1-B88A2083D6D9}.Debug|Any CPU.ActiveCfg = Debug|Any CPU
		{54BC3FD3-C330-4C7D-93C1-B88A2083D6D9}.Debug|Any CPU.Build.0 = Debug|Any CPU
		{54BC3FD3-C330-4C7D-93C1-B88A2083D6D9}.Release|Any CPU.ActiveCfg = Release|Any CPU
		{54BC3FD3-C330-4C7D-93C1-B88A2083D6D9}.Release|Any CPU.Build.0 = Release|Any CPU
		{7307569F-13B3-4FCE-B6B7-5445464D6C16}.Debug|Any CPU.ActiveCfg = Debug|Any CPU
		{7307569F-13B3-4FCE-B6B7-5445464D6C16}.Debug|Any CPU.Build.0 = Debug|Any CPU
		{7307569F-13B3-4FCE-B6B7-5445464D6C16}.Release|Any CPU.ActiveCfg = Release|Any CPU
		{7307569F-13B3-4FCE-B6B7-5445464D6C16}.Release|Any CPU.Build.0 = Release|Any CPU
		{99564729-529D-4EF2-9438-22F1B0240160}.Debug|Any CPU.ActiveCfg = Debug|Any CPU
		{99564729-529D-4EF2-9438-22F1B0240160}.Debug|Any CPU.Build.0 = Debug|Any CPU
		{99564729-529D-4EF2-9438-22F1B0240160}.Release|Any CPU.ActiveCfg = Release|Any CPU
		{99564729-529D-4EF2-9438-22F1B0240160}.Release|Any CPU.Build.0 = Release|Any CPU
		{4C009226-2605-4B63-9305-24909E45377E}.Debug|Any CPU.ActiveCfg = Debug|Any CPU
		{4C009226-2605-4B63-9305-24909E45377E}.Debug|Any CPU.Build.0 = Debug|Any CPU
		{4C009226-2605-4B63-9305-24909E45377E}.Release|Any CPU.ActiveCfg = Release|Any CPU
		{4C009226-2605-4B63-9305-24909E45377E}.Release|Any CPU.Build.0 = Release|Any CPU
	EndGlobalSection
	GlobalSection(SolutionProperties) = preSolution
		HideSolutionNode = FALSE
	EndGlobalSection
	GlobalSection(ExtensibilityGlobals) = postSolution
		SolutionGuid = {C4F9F75E-5652-496F-9A9A-0356DA8D71D8}
	EndGlobalSection
EndGlobal
